
Microsoft Visual Studio Solution File, Format Version 12.00
# Visual Studio 14
VisualStudioVersion = 14.0.25420.1
MinimumVisualStudioVersion = 10.0.40219.1
Project("{FAE04EC0-301F-11D3-BF4B-00C04F79EFBC}") = "ParameterizationExtractor", "ParameterizationExtractor\ParameterizationExtractor.csproj", "{1795FA30-2E41-45B8-B6A5-8E0D865398F6}"
EndProject
Project("{FAE04EC0-301F-11D3-BF4B-00C04F79EFBC}") = "Tests", "Tests\Tests.csproj", "{B7E64F35-ACC4-470C-85A5-DF2899C35D37}"
EndProject
Project("{FAE04EC0-301F-11D3-BF4B-00C04F79EFBC}") = "ParameterizationExtractor.Logic", "ParameterizationExtractor.Logic\ParameterizationExtractor.Logic.csproj", "{86ACD68B-CCA0-4FA8-A15E-51CE122544A9}"
EndProject
Project("{FAE04EC0-301F-11D3-BF4B-00C04F79EFBC}") = "ParameterizationExtractor.Common", "ParameterizationExtractor.Common\ParameterizationExtractor.Common.csproj", "{75838696-C44F-4A2D-ADFA-F6E5D518581A}"
EndProject
Project("{8BB2217D-0F2D-49D1-97BC-3654ED321F3B}") = "ParameterizationExtractor.WebUI", "ParameterizationExtractor.WebUI\ParameterizationExtractor.WebUI.xproj", "{F5F7E366-814E-47D8-A292-F97CF56A98E8}"
EndProject
Global
	GlobalSection(SolutionConfigurationPlatforms) = preSolution
		Debug|Any CPU = Debug|Any CPU
		Release|Any CPU = Release|Any CPU
	EndGlobalSection
	GlobalSection(ProjectConfigurationPlatforms) = postSolution
		{1795FA30-2E41-45B8-B6A5-8E0D865398F6}.Debug|Any CPU.ActiveCfg = Debug|Any CPU
		{1795FA30-2E41-45B8-B6A5-8E0D865398F6}.Debug|Any CPU.Build.0 = Debug|Any CPU
		{1795FA30-2E41-45B8-B6A5-8E0D865398F6}.Release|Any CPU.ActiveCfg = Release|Any CPU
		{1795FA30-2E41-45B8-B6A5-8E0D865398F6}.Release|Any CPU.Build.0 = Release|Any CPU
		{B7E64F35-ACC4-470C-85A5-DF2899C35D37}.Debug|Any CPU.ActiveCfg = Debug|Any CPU
		{B7E64F35-ACC4-470C-85A5-DF2899C35D37}.Debug|Any CPU.Build.0 = Debug|Any CPU
		{B7E64F35-ACC4-470C-85A5-DF2899C35D37}.Release|Any CPU.ActiveCfg = Release|Any CPU
		{B7E64F35-ACC4-470C-85A5-DF2899C35D37}.Release|Any CPU.Build.0 = Release|Any CPU
		{86ACD68B-CCA0-4FA8-A15E-51CE122544A9}.Debug|Any CPU.ActiveCfg = Debug|Any CPU
		{86ACD68B-CCA0-4FA8-A15E-51CE122544A9}.Debug|Any CPU.Build.0 = Debug|Any CPU
		{86ACD68B-CCA0-4FA8-A15E-51CE122544A9}.Release|Any CPU.ActiveCfg = Release|Any CPU
		{86ACD68B-CCA0-4FA8-A15E-51CE122544A9}.Release|Any CPU.Build.0 = Release|Any CPU
		{75838696-C44F-4A2D-ADFA-F6E5D518581A}.Debug|Any CPU.ActiveCfg = Debug|Any CPU
		{75838696-C44F-4A2D-ADFA-F6E5D518581A}.Debug|Any CPU.Build.0 = Debug|Any CPU
		{75838696-C44F-4A2D-ADFA-F6E5D518581A}.Release|Any CPU.ActiveCfg = Release|Any CPU
		{75838696-C44F-4A2D-ADFA-F6E5D518581A}.Release|Any CPU.Build.0 = Release|Any CPU
		{F5F7E366-814E-47D8-A292-F97CF56A98E8}.Debug|Any CPU.ActiveCfg = Debug|Any CPU
		{F5F7E366-814E-47D8-A292-F97CF56A98E8}.Debug|Any CPU.Build.0 = Debug|Any CPU
		{F5F7E366-814E-47D8-A292-F97CF56A98E8}.Release|Any CPU.ActiveCfg = Release|Any CPU
		{F5F7E366-814E-47D8-A292-F97CF56A98E8}.Release|Any CPU.Build.0 = Release|Any CPU
	EndGlobalSection
	GlobalSection(SolutionProperties) = preSolution
		HideSolutionNode = FALSE
	EndGlobalSection
	GlobalSection(TeamFoundationVersionControl) = preSolution
		SccNumberOfProjects = 6
		SccEnterpriseProvider = {4CA58AB2-18FA-4F8D-95D4-32DDF27D184C}
		SccTeamFoundationServer = http://quid12bptfs01:8080/tfs/vm-tfskiev-migrated
		SccLocalPath0 = .
		SccProjectUniqueName1 = ParameterizationExtractor\\ParameterizationExtractor.csproj
		SccProjectName1 = ParameterizationExtractor
		SccLocalPath1 = ParameterizationExtractor
		SccProjectUniqueName2 = Tests\\Tests.csproj
		SccProjectName2 = Tests
		SccLocalPath2 = Tests
		SccProjectUniqueName3 = ParameterizationExtractor.Logic\\ParameterizationExtractor.Logic.csproj
		SccProjectName3 = ParameterizationExtractor.Logic
		SccLocalPath3 = ParameterizationExtractor.Logic
		SccProjectUniqueName4 = ParameterizationExtractor.Common\\ParameterizationExtractor.Common.csproj
		SccProjectName4 = ParameterizationExtractor.Common
		SccLocalPath4 = ParameterizationExtractor.Common
		SccProjectUniqueName5 = ParameterizationExtractor.WebUI\\ParameterizationExtractor.WebUI.xproj
		SccProjectName5 = ParameterizationExtractor.WebUI
		SccLocalPath5 = ParameterizationExtractor.WebUI
	EndGlobalSection
EndGlobal
